Microsoft Visual Studio Solution File, Format Version 9.00
# Visual Studio 2005
Project("{2150E333-8FDC-42A3-9474-1A3956D46DE8}") = "ProgrammersGuide", "ProgrammersGuide", "{3ADE8217-854E-4864-AAC5-B5478B4AD234}"
EndProject
Project("{2150E333-8FDC-42A3-9474-1A3956D46DE8}") = "WorkingWithDiagrams", "WorkingWithDiagrams", "{86484A4E-A5D3-4313-88D1-C86EFE712222}"
EndProject
Project("{FAE04EC0-301F-11D3-BF4B-00C04F79EFBC}") = "ExportDiagramToPDF", "ProgrammersGuide\WorkingWithDiagrams\ExportDiagramToPDF\VisualBasic\ExportDiagramToPDF.vbproj", "{8E73C6FC-AB0F-4859-8539-2BD9D0B6A624}"
EndProject
Project("{FAE04EC0-301F-11D3-BF4B-00C04F79EFBC}") = "AddAndConnectShapes", "ProgrammersGuide\WorkingWithDiagrams\AddAndConnectShapes\VisualBasic\AddAndConnectShapes.vbproj", "{896C4608-AC9D-497D-A34B-0FE6E202D3C6}"
EndProject
Project("{FAE04EC0-301F-11D3-BF4B-00C04F79EFBC}") = "ExportDiagramToXML", "ProgrammersGuide\WorkingWithDiagrams\ExportDiagramToXML\VisualBasic\ExportDiagramToXML.vbproj", "{BFF4E3FC-3C5C-45A1-B11E-919A9218A6BD}"
EndProject
Project("{FAE04EC0-301F-11D3-BF4B-00C04F79EFBC}") = "ExportDiagramToHTML", "ProgrammersGuide\WorkingWithDiagrams\ExportDiagramToHTML\VisualBasic\ExportDiagramToHTML.vbproj", "{919AF6D6-A30B-4E6F-9C01-DA09E7AD612C}"
EndProject
Project("{FAE04EC0-301F-11D3-BF4B-00C04F79EFBC}") = "RetrievingPageInformation", "ProgrammersGuide\WorkingWithDiagrams\RetrievingPageInformation\VisualBasic\RetrievingPageInformation.vbproj", "{9D6695AE-9F19-4197-98A1-8236D029BD73}"
EndProject
Project("{FAE04EC0-301F-11D3-BF4B-00C04F79EFBC}") = "RetrievingMasterInformation", "ProgrammersGuide\WorkingWithDiagrams\RetrievingMasterInformation\VisualBasic\RetrievingMasterInformation.vbproj", "{3387E361-2247-40DE-928B-0B254FAB16F5}"
EndProject
Project("{2150E333-8FDC-42A3-9474-1A3956D46DE8}") = "TechnicalArticles", "TechnicalArticles", "{2C33744A-E959-4601-9F60-A0AF61612CFA}"
EndProject
Project("{FAE04EC0-301F-11D3-BF4B-00C04F79EFBC}") = "AddNewShape", "TechnicalArticles\AddNewShape\VisualBasic\AddNewShape.vbproj", "{55857B04-8C7F-497B-A136-A92F663357FD}"
EndProject
Project("{2150E333-8FDC-42A3-9474-1A3956D46DE8}") = "KnowledgeBase", "KnowledgeBase", "{F0D10832-114D-4B00-9D70-5FA6F4A28CD3}"
EndProject
Project("{2150E333-8FDC-42A3-9474-1A3956D46DE8}") = "OfficeAutomationToAspose", "OfficeAutomationToAspose", "{29404C66-7559-47FD-9066-5B260739F480}"
EndProject
Project("{FAE04EC0-301F-11D3-BF4B-00C04F79EFBC}") = "CreateNewDiagram", "KnowledgeBase\OfficeAutomationToAspose\CreateNewDiagram\VisualBasic\CreateNewDiagram.vbproj", "{F2619EAA-A45E-42AC-98F4-E1A499AEF6D5}"
EndProject
Global
	GlobalSection(SolutionConfigurationPlatforms) = preSolution
		Debug|Any CPU = Debug|Any CPU
		Release|Any CPU = Release|Any CPU
	EndGlobalSection
	GlobalSection(ProjectConfigurationPlatforms) = postSolution
		{8E73C6FC-AB0F-4859-8539-2BD9D0B6A624}.Debug|Any CPU.ActiveCfg = Debug|Any CPU
		{8E73C6FC-AB0F-4859-8539-2BD9D0B6A624}.Debug|Any CPU.Build.0 = Debug|Any CPU
		{8E73C6FC-AB0F-4859-8539-2BD9D0B6A624}.Release|Any CPU.ActiveCfg = Release|Any CPU
		{896C4608-AC9D-497D-A34B-0FE6E202D3C6}.Debug|Any CPU.ActiveCfg = Debug|Any CPU
		{896C4608-AC9D-497D-A34B-0FE6E202D3C6}.Debug|Any CPU.Build.0 = Debug|Any CPU
		{896C4608-AC9D-497D-A34B-0FE6E202D3C6}.Release|Any CPU.ActiveCfg = Release|Any CPU
		{BFF4E3FC-3C5C-45A1-B11E-919A9218A6BD}.Debug|Any CPU.ActiveCfg = Debug|Any CPU
		{BFF4E3FC-3C5C-45A1-B11E-919A9218A6BD}.Debug|Any CPU.Build.0 = Debug|Any CPU
		{BFF4E3FC-3C5C-45A1-B11E-919A9218A6BD}.Release|Any CPU.ActiveCfg = Release|Any CPU
		{919AF6D6-A30B-4E6F-9C01-DA09E7AD612C}.Debug|Any CPU.ActiveCfg = Debug|Any CPU
		{919AF6D6-A30B-4E6F-9C01-DA09E7AD612C}.Debug|Any CPU.Build.0 = Debug|Any CPU
		{919AF6D6-A30B-4E6F-9C01-DA09E7AD612C}.Release|Any CPU.ActiveCfg = Release|Any CPU
		{9D6695AE-9F19-4197-98A1-8236D029BD73}.Debug|Any CPU.ActiveCfg = Debug|Any CPU
		{9D6695AE-9F19-4197-98A1-8236D029BD73}.Debug|Any CPU.Build.0 = Debug|Any CPU
		{9D6695AE-9F19-4197-98A1-8236D029BD73}.Release|Any CPU.ActiveCfg = Release|Any CPU
		{3387E361-2247-40DE-928B-0B254FAB16F5}.Debug|Any CPU.ActiveCfg = Debug|Any CPU
		{3387E361-2247-40DE-928B-0B254FAB16F5}.Debug|Any CPU.Build.0 = Debug|Any CPU
		{3387E361-2247-40DE-928B-0B254FAB16F5}.Release|Any CPU.ActiveCfg = Release|Any CPU
		{D81D8427-124C-4F5B-93B1-CBD5A718E0F6}.Debug|Any CPU.ActiveCfg = Debug|Any CPU
		{D81D8427-124C-4F5B-93B1-CBD5A718E0F6}.Debug|Any CPU.Build.0 = Debug|Any CPU
		{D81D8427-124C-4F5B-93B1-CBD5A718E0F6}.Release|Any CPU.ActiveCfg = Release|Any CPU
		{55857B04-8C7F-497B-A136-A92F663357FD}.Debug|Any CPU.ActiveCfg = Debug|Any CPU
		{55857B04-8C7F-497B-A136-A92F663357FD}.Debug|Any CPU.Build.0 = Debug|Any CPU
		{55857B04-8C7F-497B-A136-A92F663357FD}.Release|Any CPU.ActiveCfg = Release|Any CPU
		{F2619EAA-A45E-42AC-98F4-E1A499AEF6D5}.Debug|Any CPU.ActiveCfg = Debug|Any CPU
		{F2619EAA-A45E-42AC-98F4-E1A499AEF6D5}.Debug|Any CPU.Build.0 = Debug|Any CPU
		{F2619EAA-A45E-42AC-98F4-E1A499AEF6D5}.Release|Any CPU.ActiveCfg = Release|Any CPU
	EndGlobalSection
	GlobalSection(SolutionProperties) = preSolution
		HideSolutionNode = FALSE
	EndGlobalSection
	GlobalSection(NestedProjects) = preSolution
		{86484A4E-A5D3-4313-88D1-C86EFE712222} = {3ADE8217-854E-4864-AAC5-B5478B4AD234}
		{8E73C6FC-AB0F-4859-8539-2BD9D0B6A624} = {86484A4E-A5D3-4313-88D1-C86EFE712222}
		{896C4608-AC9D-497D-A34B-0FE6E202D3C6} = {86484A4E-A5D3-4313-88D1-C86EFE712222}
		{BFF4E3FC-3C5C-45A1-B11E-919A9218A6BD} = {86484A4E-A5D3-4313-88D1-C86EFE712222}
		{919AF6D6-A30B-4E6F-9C01-DA09E7AD612C} = {86484A4E-A5D3-4313-88D1-C86EFE712222}
		{9D6695AE-9F19-4197-98A1-8236D029BD73} = {86484A4E-A5D3-4313-88D1-C86EFE712222}
		{3387E361-2247-40DE-928B-0B254FAB16F5} = {86484A4E-A5D3-4313-88D1-C86EFE712222}
		{D81D8427-124C-4F5B-93B1-CBD5A718E0F6} = {86484A4E-A5D3-4313-88D1-C86EFE712222}
		{55857B04-8C7F-497B-A136-A92F663357FD} = {2C33744A-E959-4601-9F60-A0AF61612CFA}
		{29404C66-7559-47FD-9066-5B260739F480} = {F0D10832-114D-4B00-9D70-5FA6F4A28CD3}
		{F2619EAA-A45E-42AC-98F4-E1A499AEF6D5} = {29404C66-7559-47FD-9066-5B260739F480}
	EndGlobalSection
EndGlobal
