Microsoft Visual Studio Solution File, Format Version 10.00
# Visual Studio 2008
Project("{2150E333-8FDC-42A3-9474-1A3956D46DE8}") = "ProgrammersGuide", "ProgrammersGuide", "{3ADE8217-854E-4864-AAC5-B5478B4AD234}"
EndProject
Project("{2150E333-8FDC-42A3-9474-1A3956D46DE8}") = "WorkingWithDiagrams", "WorkingWithDiagrams", "{86484A4E-A5D3-4313-88D1-C86EFE712222}"
EndProject
Project("{FAE04EC0-301F-11D3-BF4B-00C04F79EFBC}") = "ExportDiagramToPDF", "ProgrammersGuide\WorkingWithDiagrams\ExportDiagramToPDF\VisualBasic\ExportDiagramToPDF.vbproj", "{8E73C6FC-AB0F-4859-8539-2BD9D0B6A624}"
EndProject
Project("{FAE04EC0-301F-11D3-BF4B-00C04F79EFBC}") = "AddAndConnectShapes", "ProgrammersGuide\WorkingWithDiagrams\AddAndConnectShapes\VisualBasic\AddAndConnectShapes.vbproj", "{896C4608-AC9D-497D-A34B-0FE6E202D3C6}"
EndProject
Project("{FAE04EC0-301F-11D3-BF4B-00C04F79EFBC}") = "ExportDiagramToXML", "ProgrammersGuide\WorkingWithDiagrams\ExportDiagramToXML\VisualBasic\ExportDiagramToXML.vbproj", "{BFF4E3FC-3C5C-45A1-B11E-919A9218A6BD}"
EndProject
Project("{FAE04EC0-301F-11D3-BF4B-00C04F79EFBC}") = "ExportDiagramToHTML", "ProgrammersGuide\WorkingWithDiagrams\ExportDiagramToHTML\VisualBasic\ExportDiagramToHTML.vbproj", "{919AF6D6-A30B-4E6F-9C01-DA09E7AD612C}"
EndProject
Project("{FAE04EC0-301F-11D3-BF4B-00C04F79EFBC}") = "RetrievingPageInformation", "ProgrammersGuide\WorkingWithDiagrams\RetrievingPageInformation\VisualBasic\RetrievingPageInformation.vbproj", "{9D6695AE-9F19-4197-98A1-8236D029BD73}"
EndProject
Project("{FAE04EC0-301F-11D3-BF4B-00C04F79EFBC}") = "RetrievingMasterInformation", "ProgrammersGuide\WorkingWithDiagrams\RetrievingMasterInformation\VisualBasic\RetrievingMasterInformation.vbproj", "{3387E361-2247-40DE-928B-0B254FAB16F5}"
EndProject
Project("{FAE04EC0-301F-11D3-BF4B-00C04F79EFBC}") = "ExtractAllImagesFromVisioPage", "ProgrammersGuide\WorkingWithDiagrams\ExtractAllImagesFromVisioPage\VisualBasic\ExtractAllImagesFromVisioPage.vbproj", "{D81D8427-124C-4F5B-93B1-CBD5A718E0F6}"
EndProject
Project("{FAE04EC0-301F-11D3-BF4B-00C04F79EFBC}") = "ReadingDiagramFile", "ProgrammersGuide\WorkingWithDiagrams\ReadingDiagramFile\VisualBasic\ReadingDiagramFile.vbproj", "{88A1684B-B322-4431-A2BD-462083A7BD8D}"
EndProject
Project("{FAE04EC0-301F-11D3-BF4B-00C04F79EFBC}") = "ExportDiagramToImage", "ProgrammersGuide\WorkingWithDiagrams\ExportDiagramToImage\VisualBasic\ExportDiagramToImage.vbproj", "{93DEEFD0-7212-466E-963D-114E0F444727}"
EndProject
Project("{FAE04EC0-301F-11D3-BF4B-00C04F79EFBC}") = "ExportParticularPageOfDiagramToImage", "ProgrammersGuide\WorkingWithDiagrams\ExportParticularPageOfDiagramToImage\VisualBasic\ExportParticularPageOfDiagramToImage.vbproj", "{121412CC-C1E3-4427-9BCC-9A54AC398B18}"
EndProject
Project("{FAE04EC0-301F-11D3-BF4B-00C04F79EFBC}") = "ExportDiagramToXPS", "ProgrammersGuide\WorkingWithDiagrams\ExportDiagramToXPS\VisualBasic\ExportDiagramToXPS.vbproj", "{FBA4FBC6-394B-48FA-84B5-AB64903FD783}"
EndProject
Project("{FAE04EC0-301F-11D3-BF4B-00C04F79EFBC}") = "ExportDiagramToSVG", "ProgrammersGuide\WorkingWithDiagrams\ExportDiagramToSVG\VisualBasic\ExportDiagramToSVG.vbproj", "{D3A362D3-9D2A-4FD0-ADF5-30D1B7444012}"
EndProject
Project("{FAE04EC0-301F-11D3-BF4B-00C04F79EFBC}") = "ExportDiagramToSWF", "ProgrammersGuide\WorkingWithDiagrams\ExportDiagramToSWF\VisualBasic\ExportDiagramToSWF.vbproj", "{0629E120-3FFC-4461-A5E4-4C379E55BF78}"
EndProject
Project("{FAE04EC0-301F-11D3-BF4B-00C04F79EFBC}") = "ExportDiagramToSWFWithoutViewer", "ProgrammersGuide\WorkingWithDiagrams\ExportDiagramToSWFWithoutViewer\VisualBasic\ExportDiagramToSWFWithoutViewer.vbproj", "{DD4B0F9E-EFF5-4896-9066-A276A486852F}"
EndProject
Project("{FAE04EC0-301F-11D3-BF4B-00C04F79EFBC}") = "CreateDiagram", "ProgrammersGuide\WorkingWithDiagrams\CreateDiagram\VisualBasic\CreateDiagram.vbproj", "{D5F333CD-0807-4621-B36E-ED3A93C17618}"
EndProject
Project("{FAE04EC0-301F-11D3-BF4B-00C04F79EFBC}") = "RetrievingConnectorInformation", "ProgrammersGuide\WorkingWithDiagrams\RetrievingConnectorInformation\VisualBasic\RetrievingConnectorInformation.vbproj", "{51A75754-E379-48D7-9A17-90E79D3E8385}"
EndProject
Project("{FAE04EC0-301F-11D3-BF4B-00C04F79EFBC}") = "RetrievingFontInformation", "ProgrammersGuide\WorkingWithDiagrams\RetrievingFontInformation\VisualBasic\RetrievingFontInformation.vbproj", "{A55379F9-7245-42B1-9D6D-9DD19BE62D7A}"
EndProject
Project("{FAE04EC0-301F-11D3-BF4B-00C04F79EFBC}") = "ProtectAndUnprotectDiagrams", "ProgrammersGuide\WorkingWithDiagrams\ProtectAndUnprotectDiagrams\VisualBasic\ProtectAndUnprotectDiagrams.vbproj", "{96E57A5D-DF7B-4515-88B3-5A6FF724E52F}"
EndProject
Project("{2150E333-8FDC-42A3-9474-1A3956D46DE8}") = "LayOutShapesAutomatically", "LayOutShapesAutomatically", "{4D0CF3E7-81D3-445F-901A-1984EFEC790D}"
EndProject
Project("{FAE04EC0-301F-11D3-BF4B-00C04F79EFBC}") = "LayingOutShapesInFlowchartStyle", "ProgrammersGuide\WorkingWithDiagrams\LayOutShapesAutomatically\LayingOutShapesInFlowchartStyle\VisualBasic\LayingOutShapesInFlowchartStyle.vbproj", "{89DCE984-2552-4256-BCAC-FE9DF6D854EA}"
EndProject
Project("{FAE04EC0-301F-11D3-BF4B-00C04F79EFBC}") = "LayingOutShapesInCompactTreeStyle", "ProgrammersGuide\WorkingWithDiagrams\LayOutShapesAutomatically\LayingOutShapesInCompactTreeStyle\VisualBasic\LayingOutShapesInCompactTreeStyle.vbproj", "{0319AF46-9891-4588-BDC8-0A5F2AA226D3}"
EndProject
Project("{2150E333-8FDC-42A3-9474-1A3956D46DE8}") = "WorkingWithShapes", "WorkingWithShapes", "{931FA60B-7A3A-45D2-86B9-DE2E0C1644F3}"
EndProject
Project("{FAE04EC0-301F-11D3-BF4B-00C04F79EFBC}") = "UpdatingShapeText", "ProgrammersGuide\WorkingWithShapes\UpdatingShapeText\VisualBasic\UpdatingShapeText.vbproj", "{B6F09D77-ECD5-4931-B5DF-9CF81C656551}"
EndProject
Project("{FAE04EC0-301F-11D3-BF4B-00C04F79EFBC}") = "RetrievingShapeInformation", "ProgrammersGuide\WorkingWithShapes\RetrievingShapeInformation\VisualBasic\RetrievingShapeInformation.vbproj", "{0E60C7A6-3E14-4C77-B0B8-381FE9AEDAC9}"
EndProject
Project("{FAE04EC0-301F-11D3-BF4B-00C04F79EFBC}") = "SettingXFormdata", "ProgrammersGuide\WorkingWithShapes\SettingXFormdata\VisualBasic\SettingXFormdata.vbproj", "{65164EBD-34B5-46D7-B803-25DC0ECF2220}"
EndProject
Project("{FAE04EC0-301F-11D3-BF4B-00C04F79EFBC}") = "SettingLineData", "ProgrammersGuide\WorkingWithShapes\SettingLineData\VisualBasic\SettingLineData.vbproj", "{0BEE7E30-00B2-4AF1-AD0B-5CCFB5D13481}"
EndProject
Project("{FAE04EC0-301F-11D3-BF4B-00C04F79EFBC}") = "SettingFillData", "ProgrammersGuide\WorkingWithShapes\SettingFillData\VisualBasic\SettingFillData.vbproj", "{F513222A-99A0-409F-9C0F-44F1E5DFC53B}"
EndProject
Project("{FAE04EC0-301F-11D3-BF4B-00C04F79EFBC}") = "ApplyingCustomStyleSheets", "ProgrammersGuide\WorkingWithShapes\ApplyingCustomStyleSheets\VisualBasic\ApplyingCustomStyleSheets.vbproj", "{47079CA7-E40E-43CA-95D1-40FDF3C05250}"
EndProject
Project("{2150E333-8FDC-42A3-9474-1A3956D46DE8}") = "TechnicalArticles", "TechnicalArticles", "{2C33744A-E959-4601-9F60-A0AF61612CFA}"
EndProject
Project("{FAE04EC0-301F-11D3-BF4B-00C04F79EFBC}") = "AddNewShape", "TechnicalArticles\AddNewShape\VisualBasic\AddNewShape.vbproj", "{55857B04-8C7F-497B-A136-A92F663357FD}"
EndProject
Project("{2150E333-8FDC-42A3-9474-1A3956D46DE8}") = "KnowledgeBase", "KnowledgeBase", "{F0D10832-114D-4B00-9D70-5FA6F4A28CD3}"
EndProject
Project("{2150E333-8FDC-42A3-9474-1A3956D46DE8}") = "OfficeAutomationToAspose", "OfficeAutomationToAspose", "{29404C66-7559-47FD-9066-5B260739F480}"
EndProject
Project("{FAE04EC0-301F-11D3-BF4B-00C04F79EFBC}") = "CreateNewDiagram", "KnowledgeBase\OfficeAutomationToAspose\CreateNewDiagram\VisualBasic\CreateNewDiagram.vbproj", "{F2619EAA-A45E-42AC-98F4-E1A499AEF6D5}"
EndProject
Global
	GlobalSection(SolutionConfigurationPlatforms) = preSolution
		Debug|Any CPU = Debug|Any CPU
		Release|Any CPU = Release|Any CPU
	EndGlobalSection
	GlobalSection(ProjectConfigurationPlatforms) = postSolution
		{8E73C6FC-AB0F-4859-8539-2BD9D0B6A624}.Debug|Any CPU.ActiveCfg = Debug|Any CPU
		{8E73C6FC-AB0F-4859-8539-2BD9D0B6A624}.Debug|Any CPU.Build.0 = Debug|Any CPU
		{8E73C6FC-AB0F-4859-8539-2BD9D0B6A624}.Release|Any CPU.ActiveCfg = Release|Any CPU
		{896C4608-AC9D-497D-A34B-0FE6E202D3C6}.Debug|Any CPU.ActiveCfg = Debug|Any CPU
		{896C4608-AC9D-497D-A34B-0FE6E202D3C6}.Debug|Any CPU.Build.0 = Debug|Any CPU
		{896C4608-AC9D-497D-A34B-0FE6E202D3C6}.Release|Any CPU.ActiveCfg = Release|Any CPU
		{BFF4E3FC-3C5C-45A1-B11E-919A9218A6BD}.Debug|Any CPU.ActiveCfg = Debug|Any CPU
		{BFF4E3FC-3C5C-45A1-B11E-919A9218A6BD}.Debug|Any CPU.Build.0 = Debug|Any CPU
		{BFF4E3FC-3C5C-45A1-B11E-919A9218A6BD}.Release|Any CPU.ActiveCfg = Release|Any CPU
		{919AF6D6-A30B-4E6F-9C01-DA09E7AD612C}.Debug|Any CPU.ActiveCfg = Debug|Any CPU
		{919AF6D6-A30B-4E6F-9C01-DA09E7AD612C}.Debug|Any CPU.Build.0 = Debug|Any CPU
		{919AF6D6-A30B-4E6F-9C01-DA09E7AD612C}.Release|Any CPU.ActiveCfg = Release|Any CPU
		{9D6695AE-9F19-4197-98A1-8236D029BD73}.Debug|Any CPU.ActiveCfg = Debug|Any CPU
		{9D6695AE-9F19-4197-98A1-8236D029BD73}.Debug|Any CPU.Build.0 = Debug|Any CPU
		{9D6695AE-9F19-4197-98A1-8236D029BD73}.Release|Any CPU.ActiveCfg = Release|Any CPU
		{3387E361-2247-40DE-928B-0B254FAB16F5}.Debug|Any CPU.ActiveCfg = Debug|Any CPU
		{3387E361-2247-40DE-928B-0B254FAB16F5}.Debug|Any CPU.Build.0 = Debug|Any CPU
		{3387E361-2247-40DE-928B-0B254FAB16F5}.Release|Any CPU.ActiveCfg = Release|Any CPU
		{D81D8427-124C-4F5B-93B1-CBD5A718E0F6}.Debug|Any CPU.ActiveCfg = Debug|Any CPU
		{D81D8427-124C-4F5B-93B1-CBD5A718E0F6}.Debug|Any CPU.Build.0 = Debug|Any CPU
		{D81D8427-124C-4F5B-93B1-CBD5A718E0F6}.Release|Any CPU.ActiveCfg = Release|Any CPU
		{88A1684B-B322-4431-A2BD-462083A7BD8D}.Debug|Any CPU.ActiveCfg = Debug|Any CPU
		{88A1684B-B322-4431-A2BD-462083A7BD8D}.Debug|Any CPU.Build.0 = Debug|Any CPU
		{88A1684B-B322-4431-A2BD-462083A7BD8D}.Release|Any CPU.ActiveCfg = Release|Any CPU
		{93DEEFD0-7212-466E-963D-114E0F444727}.Debug|Any CPU.ActiveCfg = Debug|Any CPU
		{93DEEFD0-7212-466E-963D-114E0F444727}.Debug|Any CPU.Build.0 = Debug|Any CPU
		{93DEEFD0-7212-466E-963D-114E0F444727}.Release|Any CPU.ActiveCfg = Release|Any CPU
		{121412CC-C1E3-4427-9BCC-9A54AC398B18}.Debug|Any CPU.ActiveCfg = Debug|Any CPU
		{121412CC-C1E3-4427-9BCC-9A54AC398B18}.Debug|Any CPU.Build.0 = Debug|Any CPU
		{121412CC-C1E3-4427-9BCC-9A54AC398B18}.Release|Any CPU.ActiveCfg = Release|Any CPU
		{FBA4FBC6-394B-48FA-84B5-AB64903FD783}.Debug|Any CPU.ActiveCfg = Debug|Any CPU
		{FBA4FBC6-394B-48FA-84B5-AB64903FD783}.Debug|Any CPU.Build.0 = Debug|Any CPU
		{FBA4FBC6-394B-48FA-84B5-AB64903FD783}.Release|Any CPU.ActiveCfg = Release|Any CPU
		{D3A362D3-9D2A-4FD0-ADF5-30D1B7444012}.Debug|Any CPU.ActiveCfg = Debug|Any CPU
		{D3A362D3-9D2A-4FD0-ADF5-30D1B7444012}.Debug|Any CPU.Build.0 = Debug|Any CPU
		{D3A362D3-9D2A-4FD0-ADF5-30D1B7444012}.Release|Any CPU.ActiveCfg = Release|Any CPU
		{0629E120-3FFC-4461-A5E4-4C379E55BF78}.Debug|Any CPU.ActiveCfg = Debug|Any CPU
		{0629E120-3FFC-4461-A5E4-4C379E55BF78}.Debug|Any CPU.Build.0 = Debug|Any CPU
		{0629E120-3FFC-4461-A5E4-4C379E55BF78}.Release|Any CPU.ActiveCfg = Release|Any CPU
		{DD4B0F9E-EFF5-4896-9066-A276A486852F}.Debug|Any CPU.ActiveCfg = Debug|Any CPU
		{DD4B0F9E-EFF5-4896-9066-A276A486852F}.Debug|Any CPU.Build.0 = Debug|Any CPU
		{DD4B0F9E-EFF5-4896-9066-A276A486852F}.Release|Any CPU.ActiveCfg = Release|Any CPU
		{D5F333CD-0807-4621-B36E-ED3A93C17618}.Debug|Any CPU.ActiveCfg = Debug|Any CPU
		{D5F333CD-0807-4621-B36E-ED3A93C17618}.Debug|Any CPU.Build.0 = Debug|Any CPU
		{D5F333CD-0807-4621-B36E-ED3A93C17618}.Release|Any CPU.ActiveCfg = Release|Any CPU
		{51A75754-E379-48D7-9A17-90E79D3E8385}.Debug|Any CPU.ActiveCfg = Debug|Any CPU
		{51A75754-E379-48D7-9A17-90E79D3E8385}.Debug|Any CPU.Build.0 = Debug|Any CPU
		{51A75754-E379-48D7-9A17-90E79D3E8385}.Release|Any CPU.ActiveCfg = Release|Any CPU
		{A55379F9-7245-42B1-9D6D-9DD19BE62D7A}.Debug|Any CPU.ActiveCfg = Debug|Any CPU
		{A55379F9-7245-42B1-9D6D-9DD19BE62D7A}.Debug|Any CPU.Build.0 = Debug|Any CPU
		{A55379F9-7245-42B1-9D6D-9DD19BE62D7A}.Release|Any CPU.ActiveCfg = Release|Any CPU
		{96E57A5D-DF7B-4515-88B3-5A6FF724E52F}.Debug|Any CPU.ActiveCfg = Debug|Any CPU
		{96E57A5D-DF7B-4515-88B3-5A6FF724E52F}.Debug|Any CPU.Build.0 = Debug|Any CPU
		{96E57A5D-DF7B-4515-88B3-5A6FF724E52F}.Release|Any CPU.ActiveCfg = Release|Any CPU
		{89DCE984-2552-4256-BCAC-FE9DF6D854EA}.Debug|Any CPU.ActiveCfg = Debug|Any CPU
		{89DCE984-2552-4256-BCAC-FE9DF6D854EA}.Debug|Any CPU.Build.0 = Debug|Any CPU
		{89DCE984-2552-4256-BCAC-FE9DF6D854EA}.Release|Any CPU.ActiveCfg = Release|Any CPU
		{0319AF46-9891-4588-BDC8-0A5F2AA226D3}.Debug|Any CPU.ActiveCfg = Debug|Any CPU
		{0319AF46-9891-4588-BDC8-0A5F2AA226D3}.Debug|Any CPU.Build.0 = Debug|Any CPU
		{0319AF46-9891-4588-BDC8-0A5F2AA226D3}.Release|Any CPU.ActiveCfg = Release|Any CPU
		{B6F09D77-ECD5-4931-B5DF-9CF81C656551}.Debug|Any CPU.ActiveCfg = Debug|Any CPU
		{B6F09D77-ECD5-4931-B5DF-9CF81C656551}.Debug|Any CPU.Build.0 = Debug|Any CPU
		{B6F09D77-ECD5-4931-B5DF-9CF81C656551}.Release|Any CPU.ActiveCfg = Release|Any CPU
		{0E60C7A6-3E14-4C77-B0B8-381FE9AEDAC9}.Debug|Any CPU.ActiveCfg = Debug|Any CPU
		{0E60C7A6-3E14-4C77-B0B8-381FE9AEDAC9}.Debug|Any CPU.Build.0 = Debug|Any CPU
		{0E60C7A6-3E14-4C77-B0B8-381FE9AEDAC9}.Release|Any CPU.ActiveCfg = Release|Any CPU
		{65164EBD-34B5-46D7-B803-25DC0ECF2220}.Debug|Any CPU.ActiveCfg = Debug|Any CPU
		{65164EBD-34B5-46D7-B803-25DC0ECF2220}.Debug|Any CPU.Build.0 = Debug|Any CPU
		{65164EBD-34B5-46D7-B803-25DC0ECF2220}.Release|Any CPU.ActiveCfg = Release|Any CPU
		{0BEE7E30-00B2-4AF1-AD0B-5CCFB5D13481}.Debug|Any CPU.ActiveCfg = Debug|Any CPU
		{0BEE7E30-00B2-4AF1-AD0B-5CCFB5D13481}.Debug|Any CPU.Build.0 = Debug|Any CPU
		{0BEE7E30-00B2-4AF1-AD0B-5CCFB5D13481}.Release|Any CPU.ActiveCfg = Release|Any CPU
		{F513222A-99A0-409F-9C0F-44F1E5DFC53B}.Debug|Any CPU.ActiveCfg = Debug|Any CPU
		{F513222A-99A0-409F-9C0F-44F1E5DFC53B}.Debug|Any CPU.Build.0 = Debug|Any CPU
		{F513222A-99A0-409F-9C0F-44F1E5DFC53B}.Release|Any CPU.ActiveCfg = Release|Any CPU
		{47079CA7-E40E-43CA-95D1-40FDF3C05250}.Debug|Any CPU.ActiveCfg = Debug|Any CPU
		{47079CA7-E40E-43CA-95D1-40FDF3C05250}.Debug|Any CPU.Build.0 = Debug|Any CPU
		{47079CA7-E40E-43CA-95D1-40FDF3C05250}.Release|Any CPU.ActiveCfg = Release|Any CPU
		{55857B04-8C7F-497B-A136-A92F663357FD}.Debug|Any CPU.ActiveCfg = Debug|Any CPU
		{55857B04-8C7F-497B-A136-A92F663357FD}.Debug|Any CPU.Build.0 = Debug|Any CPU
		{55857B04-8C7F-497B-A136-A92F663357FD}.Release|Any CPU.ActiveCfg = Release|Any CPU
		{F2619EAA-A45E-42AC-98F4-E1A499AEF6D5}.Debug|Any CPU.ActiveCfg = Debug|Any CPU
		{F2619EAA-A45E-42AC-98F4-E1A499AEF6D5}.Debug|Any CPU.Build.0 = Debug|Any CPU
		{F2619EAA-A45E-42AC-98F4-E1A499AEF6D5}.Release|Any CPU.ActiveCfg = Release|Any CPU
	EndGlobalSection
	GlobalSection(SolutionProperties) = preSolution
		HideSolutionNode = FALSE
	EndGlobalSection
	GlobalSection(NestedProjects) = preSolution
		{86484A4E-A5D3-4313-88D1-C86EFE712222} = {3ADE8217-854E-4864-AAC5-B5478B4AD234}
		{8E73C6FC-AB0F-4859-8539-2BD9D0B6A624} = {86484A4E-A5D3-4313-88D1-C86EFE712222}
		{896C4608-AC9D-497D-A34B-0FE6E202D3C6} = {86484A4E-A5D3-4313-88D1-C86EFE712222}
		{BFF4E3FC-3C5C-45A1-B11E-919A9218A6BD} = {86484A4E-A5D3-4313-88D1-C86EFE712222}
		{919AF6D6-A30B-4E6F-9C01-DA09E7AD612C} = {86484A4E-A5D3-4313-88D1-C86EFE712222}
		{9D6695AE-9F19-4197-98A1-8236D029BD73} = {86484A4E-A5D3-4313-88D1-C86EFE712222}
		{3387E361-2247-40DE-928B-0B254FAB16F5} = {86484A4E-A5D3-4313-88D1-C86EFE712222}
		{D81D8427-124C-4F5B-93B1-CBD5A718E0F6} = {86484A4E-A5D3-4313-88D1-C86EFE712222}
		{88A1684B-B322-4431-A2BD-462083A7BD8D} = {86484A4E-A5D3-4313-88D1-C86EFE712222}
		{93DEEFD0-7212-466E-963D-114E0F444727} = {86484A4E-A5D3-4313-88D1-C86EFE712222}
		{121412CC-C1E3-4427-9BCC-9A54AC398B18} = {86484A4E-A5D3-4313-88D1-C86EFE712222}
		{FBA4FBC6-394B-48FA-84B5-AB64903FD783} = {86484A4E-A5D3-4313-88D1-C86EFE712222}
		{D3A362D3-9D2A-4FD0-ADF5-30D1B7444012} = {86484A4E-A5D3-4313-88D1-C86EFE712222}
		{0629E120-3FFC-4461-A5E4-4C379E55BF78} = {86484A4E-A5D3-4313-88D1-C86EFE712222}
		{DD4B0F9E-EFF5-4896-9066-A276A486852F} = {86484A4E-A5D3-4313-88D1-C86EFE712222}
		{D5F333CD-0807-4621-B36E-ED3A93C17618} = {86484A4E-A5D3-4313-88D1-C86EFE712222}
		{51A75754-E379-48D7-9A17-90E79D3E8385} = {86484A4E-A5D3-4313-88D1-C86EFE712222}
		{A55379F9-7245-42B1-9D6D-9DD19BE62D7A} = {86484A4E-A5D3-4313-88D1-C86EFE712222}
		{96E57A5D-DF7B-4515-88B3-5A6FF724E52F} = {86484A4E-A5D3-4313-88D1-C86EFE712222}
		{4D0CF3E7-81D3-445F-901A-1984EFEC790D} = {86484A4E-A5D3-4313-88D1-C86EFE712222}
		{89DCE984-2552-4256-BCAC-FE9DF6D854EA} = {4D0CF3E7-81D3-445F-901A-1984EFEC790D}
		{0319AF46-9891-4588-BDC8-0A5F2AA226D3} = {4D0CF3E7-81D3-445F-901A-1984EFEC790D}
		{931FA60B-7A3A-45D2-86B9-DE2E0C1644F3} = {3ADE8217-854E-4864-AAC5-B5478B4AD234}
		{B6F09D77-ECD5-4931-B5DF-9CF81C656551} = {931FA60B-7A3A-45D2-86B9-DE2E0C1644F3}
		{0E60C7A6-3E14-4C77-B0B8-381FE9AEDAC9} = {931FA60B-7A3A-45D2-86B9-DE2E0C1644F3}
		{65164EBD-34B5-46D7-B803-25DC0ECF2220} = {931FA60B-7A3A-45D2-86B9-DE2E0C1644F3}
		{0BEE7E30-00B2-4AF1-AD0B-5CCFB5D13481} = {931FA60B-7A3A-45D2-86B9-DE2E0C1644F3}
		{F513222A-99A0-409F-9C0F-44F1E5DFC53B} = {931FA60B-7A3A-45D2-86B9-DE2E0C1644F3}
		{47079CA7-E40E-43CA-95D1-40FDF3C05250} = {931FA60B-7A3A-45D2-86B9-DE2E0C1644F3}
		{55857B04-8C7F-497B-A136-A92F663357FD} = {2C33744A-E959-4601-9F60-A0AF61612CFA}
		{29404C66-7559-47FD-9066-5B260739F480} = {F0D10832-114D-4B00-9D70-5FA6F4A28CD3}
		{F2619EAA-A45E-42AC-98F4-E1A499AEF6D5} = {29404C66-7559-47FD-9066-5B260739F480}
	EndGlobalSection
EndGlobal
