
Microsoft Visual Studio Solution File, Format Version 11.00
# Visual Studio 2010
Project("{FAE04EC0-301F-11D3-BF4B-00C04F79EFBC}") = "ExportDiagramToHTML", "ExportDiagramToHTML.csproj", "{919AF6D6-A30B-4E6F-9C01-DA09E7AD612C}"
EndProject
Global
	GlobalSection(SolutionConfigurationPlatforms) = preSolution
		Debug|Any CPU = Debug|Any CPU
		Release|Any CPU = Release|Any CPU
	EndGlobalSection
	GlobalSection(ProjectConfigurationPlatforms) = postSolution
		{919AF6D6-A30B-4E6F-9C01-DA09E7AD612C}.Debug|Any CPU.ActiveCfg = Debug|Any CPU
		{919AF6D6-A30B-4E6F-9C01-DA09E7AD612C}.Debug|Any CPU.Build.0 = Debug|Any CPU
		{919AF6D6-A30B-4E6F-9C01-DA09E7AD612C}.Release|Any CPU.ActiveCfg = Release|Any CPU
		{919AF6D6-A30B-4E6F-9C01-DA09E7AD612C}.Release|Any CPU.Build.0 = Release|Any CPU
	EndGlobalSection
	GlobalSection(SolutionProperties) = preSolution
		HideSolutionNode = FALSE
	EndGlobalSection
EndGlobal
